// !$*UTF8*$!
{
	archiveVersion = 1;
	classes = {
	};
	objectVersion = 50;
	objects = {

/* Begin PBXBuildFile section */
		D3475E0525EFABC9002BACB2 /* AppDelegate.swift in Sources */ = {isa = PBXBuildFile; fileRef = D3475E0425EFABC9002BACB2 /* AppDelegate.swift */; };
		D3475E0725EFABC9002BACB2 /* SceneDelegate.swift in Sources */ = {isa = PBXBuildFile; fileRef = D3475E0625EFABC9002BACB2 /* SceneDelegate.swift */; };
		D3475E0C25EFABC9002BACB2 /* Main.storyboard in Resources */ = {isa = PBXBuildFile; fileRef = D3475E0A25EFABC9002BACB2 /* Main.storyboard */; };
		D3475E0E25EFABCB002BACB2 /* Assets.xcassets in Resources */ = {isa = PBXBuildFile; fileRef = D3475E0D25EFABCB002BACB2 /* Assets.xcassets */; };
		D3475E1125EFABCB002BACB2 /* LaunchScreen.storyboard in Resources */ = {isa = PBXBuildFile; fileRef = D3475E0F25EFABCB002BACB2 /* LaunchScreen.storyboard */; };
		D3475E2625F128CF002BACB2 /* screenshot3.png in Resources */ = {isa = PBXBuildFile; fileRef = D3475E2325F128CF002BACB2 /* screenshot3.png */; };
		D3475E2825F128CF002BACB2 /* screenshot1.png in Resources */ = {isa = PBXBuildFile; fileRef = D3475E2525F128CF002BACB2 /* screenshot1.png */; };
		D3475E2C25F1FE59002BACB2 /* screenshot2.png in Resources */ = {isa = PBXBuildFile; fileRef = D3475E2B25F1FE59002BACB2 /* screenshot2.png */; };
/* End PBXBuildFile section */

/* Begin PBXFileReference section */
		D3475E0125EFABC9002BACB2 /* Business card.app */ = {isa = PBXFileReference; explicitFileType = wrapper.application; includeInIndex = 0; path = "Business card.app"; sourceTree = BUILT_PRODUCTS_DIR; };
		D3475E0425EFABC9002BACB2 /* AppDelegate.swift */ = {isa = PBXFileReference; lastKnownFileType = sourcecode.swift; path = AppDelegate.swift; sourceTree = "<group>"; };
		D3475E0625EFABC9002BACB2 /* SceneDelegate.swift */ = {isa = PBXFileReference; lastKnownFileType = sourcecode.swift; path = SceneDelegate.swift; sourceTree = "<group>"; };
		D3475E0B25EFABC9002BACB2 /* Base */ = {isa = PBXFileReference; lastKnownFileType = file.storyboard; name = Base; path = Base.lproj/Main.storyboard; sourceTree = "<group>"; };
		D3475E0D25EFABCB002BACB2 /* Assets.xcassets */ = {isa = PBXFileReference; lastKnownFileType = folder.assetcatalog; path = Assets.xcassets; sourceTree = "<group>"; };
		D3475E1025EFABCB002BACB2 /* Base */ = {isa = PBXFileReference; lastKnownFileType = file.storyboard; name = Base; path = Base.lproj/LaunchScreen.storyboard; sourceTree = "<group>"; };
		D3475E1225EFABCB002BACB2 /* Info.plist */ = {isa = PBXFileReference; lastKnownFileType = text.plist.xml; path = Info.plist; sourceTree = "<group>"; };
		D3475E2325F128CF002BACB2 /* screenshot3.png */ = {isa = PBXFileReference; lastKnownFileType = image.png; name = screenshot3.png; path = ../../../../../screenshot3.png; sourceTree = "<group>"; };
		D3475E2525F128CF002BACB2 /* screenshot1.png */ = {isa = PBXFileReference; lastKnownFileType = image.png; name = screenshot1.png; path = ../../../../../screenshot1.png; sourceTree = "<group>"; };
		D3475E2B25F1FE59002BACB2 /* screenshot2.png */ = {isa = PBXFileReference; lastKnownFileType = image.png; name = screenshot2.png; path = ../../../../../screenshot2.png; sourceTree = "<group>"; };
/* End PBXFileReference section */

/* Begin PBXFrameworksBuildPhase section */
		D3475DFE25EFABC9002BACB2 /* Frameworks */ = {
			isa = PBXFrameworksBuildPhase;
			buildActionMask = 2147483647;
			files = (
			);
			runOnlyForDeploymentPostprocessing = 0;
		};
/* End PBXFrameworksBuildPhase section */

/* Begin PBXGroup section */
		D3475DF825EFABC9002BACB2 = {
			isa = PBXGroup;
			children = (
				D3475E0325EFABC9002BACB2 /* Business card */,
				D3475E0225EFABC9002BACB2 /* Products */,
			);
			sourceTree = "<group>";
		};
		D3475E0225EFABC9002BACB2 /* Products */ = {
			isa = PBXGroup;
			children = (
				D3475E0125EFABC9002BACB2 /* Business card.app */,
			);
			name = Products;
			sourceTree = "<group>";
		};
		D3475E0325EFABC9002BACB2 /* Business card */ = {
			isa = PBXGroup;
			children = (
				D3475E2225F127FE002BACB2 /* screenshot */,
				D3475E0425EFABC9002BACB2 /* AppDelegate.swift */,
				D3475E0625EFABC9002BACB2 /* SceneDelegate.swift */,
				D3475E0A25EFABC9002BACB2 /* Main.storyboard */,
				D3475E0D25EFABCB002BACB2 /* Assets.xcassets */,
				D3475E0F25EFABCB002BACB2 /* LaunchScreen.storyboard */,
				D3475E1225EFABCB002BACB2 /* Info.plist */,
			);
			path = "Business card";
			sourceTree = "<group>";
		};
		D3475E2225F127FE002BACB2 /* screenshot */ = {
			isa = PBXGroup;
			children = (
				D3475E2525F128CF002BACB2 /* screenshot1.png */,
				D3475E2B25F1FE59002BACB2 /* screenshot2.png */,
				D3475E2325F128CF002BACB2 /* screenshot3.png */,
			);
			path = screenshot;
			sourceTree = "<group>";
		};
/* End PBXGroup section */

/* Begin PBXNativeTarget section */
		D3475E0025EFABC9002BACB2 /* Business card */ = {
			isa = PBXNativeTarget;
			buildConfigurationList = D3475E1525EFABCB002BACB2 /* Build configuration list for PBXNativeTarget "Business card" */;
			buildPhases = (
				D3475DFD25EFABC9002BACB2 /* Sources */,
				D3475DFE25EFABC9002BACB2 /* Frameworks */,
				D3475DFF25EFABC9002BACB2 /* Resources */,
			);
			buildRules = (
			);
			dependencies = (
			);
			name = "Business card";
			productName = "Business card";
			productReference = D3475E0125EFABC9002BACB2 /* Business card.app */;
			productType = "com.apple.product-type.application";
		};
/* End PBXNativeTarget section */

/* Begin PBXProject section */
		D3475DF925EFABC9002BACB2 /* Project object */ = {
			isa = PBXProject;
			attributes = {
				LastSwiftUpdateCheck = 1240;
				LastUpgradeCheck = 1240;
				TargetAttributes = {
					D3475E0025EFABC9002BACB2 = {
						CreatedOnToolsVersion = 12.4;
					};
				};
			};
			buildConfigurationList = D3475DFC25EFABC9002BACB2 /* Build configuration list for PBXProject "Business card" */;
			compatibilityVersion = "Xcode 9.3";
			developmentRegion = en;
			hasScannedForEncodings = 0;
			knownRegions = (
				en,
				Base,
			);
			mainGroup = D3475DF825EFABC9002BACB2;
			productRefGroup = D3475E0225EFABC9002BACB2 /* Products */;
			projectDirPath = "";
			projectRoot = "";
			targets = (
				D3475E0025EFABC9002BACB2 /* Business card */,
			);
		};
/* End PBXProject section */

/* Begin PBXResourcesBuildPhase section */
		D3475DFF25EFABC9002BACB2 /* Resources */ = {
			isa = PBXResourcesBuildPhase;
			buildActionMask = 2147483647;
			files = (
				D3475E2C25F1FE59002BACB2 /* screenshot2.png in Resources */,
				D3475E1125EFABCB002BACB2 /* LaunchScreen.storyboard in Resources */,
				D3475E0E25EFABCB002BACB2 /* Assets.xcassets in Resources */,
				D3475E0C25EFABC9002BACB2 /* Main.storyboard in Resources */,
				D3475E2825F128CF002BACB2 /* screenshot1.png in Resources */,
				D3475E2625F128CF002BACB2 /* screenshot3.png in Resources */,
			);
			runOnlyForDeploymentPostprocessing = 0;
		};
/* End PBXResourcesBuildPhase section */

/* Begin PBXSourcesBuildPhase section */
		D3475DFD25EFABC9002BACB2 /* Sources */ = {
			isa = PBXSourcesBuildPhase;
			buildActionMask = 2147483647;
			files = (
				D3475E0525EFABC9002BACB2 /* AppDelegate.swift in Sources */,
				D3475E0725EFABC9002BACB2 /* SceneDelegate.swift in Sources */,
			);
			runOnlyForDeploymentPostprocessing = 0;
		};
/* End PBXSourcesBuildPhase section */

/* Begin PBXVariantGroup section */
		D3475E0A25EFABC9002BACB2 /* Main.storyboard */ = {
			isa = PBXVariantGroup;
			children = (
				D3475E0B25EFABC9002BACB2 /* Base */,
			);
			name = Main.storyboard;
			sourceTree = "<group>";
		};
		D3475E0F25EFABCB002BACB2 /* LaunchScreen.storyboard */ = {
			isa = PBXVariantGroup;
			children = (
				D3475E1025EFABCB002BACB2 /* Base */,
			);
			name = LaunchScreen.storyboard;
			sourceTree = "<group>";
		};
/* End PBXVariantGroup section */

/* Begin XCBuildConfiguration section */
		D3475E1325EFABCB002BACB2 /* Debug */ = {
			isa = XCBuildConfiguration;
			buildSettings = {
				ALWAYS_SEARCH_USER_PATHS = NO;
				CLANG_ANALYZER_NONNULL = YES;
				CLANG_ANALYZER_NUMBER_OBJECT_CONVERSION = YES_AGGRESSIVE;
				CLANG_CXX_LANGUAGE_STANDARD = "gnu++14";
				CLANG_CXX_LIBRARY = "libc++";
				CLANG_ENABLE_MODULES = YES;
				CLANG_ENABLE_OBJC_ARC = YES;
				CLANG_ENABLE_OBJC_WEAK = YES;
				CLANG_WARN_BLOCK_CAPTURE_AUTORELEASING = YES;
				CLANG_WARN_BOOL_CONVERSION = YES;
				CLANG_WARN_COMMA = YES;
				CLANG_WARN_CONSTANT_CONVERSION = YES;
				CLANG_WARN_DEPRECATED_OBJC_IMPLEMENTATIONS = YES;
				CLANG_WARN_DIRECT_OBJC_ISA_USAGE = YES_ERROR;
				CLANG_WARN_DOCUMENTATION_COMMENTS = YES;
				CLANG_WARN_EMPTY_BODY = YES;
				CLANG_WARN_ENUM_CONVERSION = YES;
				CLANG_WARN_INFINITE_RECURSION = YES;
				CLANG_WARN_INT_CONVERSION = YES;
				CLANG_WARN_NON_LITERAL_NULL_CONVERSION = YES;
				CLANG_WARN_OBJC_IMPLICIT_RETAIN_SELF = YES;
				CLANG_WARN_OBJC_LITERAL_CONVERSION = YES;
				CLANG_WARN_OBJC_ROOT_CLASS = YES_ERROR;
				CLANG_WARN_QUOTED_INCLUDE_IN_FRAMEWORK_HEADER = YES;
				CLANG_WARN_RANGE_LOOP_ANALYSIS = YES;
				CLANG_WARN_STRICT_PROTOTYPES = YES;
				CLANG_WARN_SUSPICIOUS_MOVE = YES;
				CLANG_WARN_UNGUARDED_AVAILABILITY = YES_AGGRESSIVE;
				CLANG_WARN_UNREACHABLE_CODE = YES;
				CLANG_WARN__DUPLICATE_METHOD_MATCH = YES;
				COPY_PHASE_STRIP = NO;
				DEBUG_INFORMATION_FORMAT = dwarf;
				ENABLE_STRICT_OBJC_MSGSEND = YES;
				ENABLE_TESTABILITY = YES;
				GCC_C_LANGUAGE_STANDARD = gnu11;
				GCC_DYNAMIC_NO_PIC = NO;
				GCC_NO_COMMON_BLOCKS = YES;
				GCC_OPTIMIZATION_LEVEL = 0;
				GCC_PREPROCESSOR_DEFINITIONS = (
					"DEBUG=1",
					"$(inherited)",
				);
				GCC_WARN_64_TO_32_BIT_CONVERSION = YES;
				GCC_WARN_ABOUT_RETURN_TYPE = YES_ERROR;
				GCC_WARN_UNDECLARED_SELECTOR = YES;
				GCC_WARN_UNINITIALIZED_AUTOS = YES_AGGRESSIVE;
				GCC_WARN_UNUSED_FUNCTION = YES;
				GCC_WARN_UNUSED_VARIABLE = YES;
				IPHONEOS_DEPLOYMENT_TARGET = 14.4;
				MTL_ENABLE_DEBUG_INFO = INCLUDE_SOURCE;
				MTL_FAST_MATH = YES;
				ONLY_ACTIVE_ARCH = YES;
				SDKROOT = iphoneos;
				SWIFT_ACTIVE_COMPILATION_CONDITIONS = DEBUG;
				SWIFT_OPTIMIZATION_LEVEL = "-Onone";
			};
			name = Debug;
		};
		D3475E1425EFABCB002BACB2 /* Release */ = {
			isa = XCBuildConfiguration;
			buildSettings = {
				ALWAYS_SEARCH_USER_PATHS = NO;
				CLANG_ANALYZER_NONNULL = YES;
				CLANG_ANALYZER_NUMBER_OBJECT_CONVERSION = YES_AGGRESSIVE;
				CLANG_CXX_LANGUAGE_STANDARD = "gnu++14";
				CLANG_CXX_LIBRARY = "libc++";
				CLANG_ENABLE_MODULES = YES;
				CLANG_ENABLE_OBJC_ARC = YES;
				CLANG_ENABLE_OBJC_WEAK = YES;
				CLANG_WARN_BLOCK_CAPTURE_AUTORELEASING = YES;
				CLANG_WARN_BOOL_CONVERSION = YES;
				CLANG_WARN_COMMA = YES;
				CLANG_WARN_CONSTANT_CONVERSION = YES;
				CLANG_WARN_DEPRECATED_OBJC_IMPLEMENTATIONS = YES;
				CLANG_WARN_DIRECT_OBJC_ISA_USAGE = YES_ERROR;
				CLANG_WARN_DOCUMENTATION_COMMENTS = YES;
				CLANG_WARN_EMPTY_BODY = YES;
				CLANG_WARN_ENUM_CONVERSION = YES;
				CLANG_WARN_INFINITE_RECURSION = YES;
				CLANG_WARN_INT_CONVERSION = YES;
				CLANG_WARN_NON_LITERAL_NULL_CONVERSION = YES;
				CLANG_WARN_OBJC_IMPLICIT_RETAIN_SELF = YES;
				CLANG_WARN_OBJC_LITERAL_CONVERSION = YES;
				CLANG_WARN_OBJC_ROOT_CLASS = YES_ERROR;
				CLANG_WARN_QUOTED_INCLUDE_IN_FRAMEWORK_HEADER = YES;
				CLANG_WARN_RANGE_LOOP_ANALYSIS = YES;
				CLANG_WARN_STRICT_PROTOTYPES = YES;
				CLANG_WARN_SUSPICIOUS_MOVE = YES;
				CLANG_WARN_UNGUARDED_AVAILABILITY = YES_AGGRESSIVE;
				CLANG_WARN_UNREACHABLE_CODE = YES;
				CLANG_WARN__DUPLICATE_METHOD_MATCH = YES;
				COPY_PHASE_STRIP = NO;
				DEBUG_INFORMATION_FORMAT = "dwarf-with-dsym";
				ENABLE_NS_ASSERTIONS = NO;
				ENABLE_STRICT_OBJC_MSGSEND = YES;
				GCC_C_LANGUAGE_STANDARD = gnu11;
				GCC_NO_COMMON_BLOCKS = YES;
				GCC_WARN_64_TO_32_BIT_CONVERSION = YES;
				GCC_WARN_ABOUT_RETURN_TYPE = YES_ERROR;
				GCC_WARN_UNDECLARED_SELECTOR = YES;
				GCC_WARN_UNINITIALIZED_AUTOS = YES_AGGRESSIVE;
				GCC_WARN_UNUSED_FUNCTION = YES;
				GCC_WARN_UNUSED_VARIABLE = YES;
				IPHONEOS_DEPLOYMENT_TARGET = 14.4;
				MTL_ENABLE_DEBUG_INFO = NO;
				MTL_FAST_MATH = YES;
				SDKROOT = iphoneos;
				SWIFT_COMPILATION_MODE = wholemodule;
				SWIFT_OPTIMIZATION_LEVEL = "-O";
				VALIDATE_PRODUCT = YES;
			};
			name = Release;
		};
		D3475E1625EFABCB002BACB2 /* Debug */ = {
			isa = XCBuildConfiguration;
			buildSettings = {
				ASSETCATALOG_COMPILER_APPICON_NAME = AppIcon;
				ASSETCATALOG_COMPILER_GLOBAL_ACCENT_COLOR_NAME = AccentColor;
				CODE_SIGN_STYLE = Automatic;
				DEVELOPMENT_TEAM = 35CZ92B3X5;
				INFOPLIST_FILE = "Business card/Info.plist";
				LD_RUNPATH_SEARCH_PATHS = (
					"$(inherited)",
					"@executable_path/Frameworks",
				);
				PRODUCT_BUNDLE_IDENTIFIER = "nailzed.Business-card";
				PRODUCT_NAME = "$(TARGET_NAME)";
				SWIFT_VERSION = 5.0;
				TARGETED_DEVICE_FAMILY = "1,2";
			};
			name = Debug;
		};
		D3475E1725EFABCB002BACB2 /* Release */ = {
			isa = XCBuildConfiguration;
			buildSettings = {
				ASSETCATALOG_COMPILER_APPICON_NAME = AppIcon;
				ASSETCATALOG_COMPILER_GLOBAL_ACCENT_COLOR_NAME = AccentColor;
				CODE_SIGN_STYLE = Automatic;
				DEVELOPMENT_TEAM = 35CZ92B3X5;
				INFOPLIST_FILE = "Business card/Info.plist";
				LD_RUNPATH_SEARCH_PATHS = (
					"$(inherited)",
					"@executable_path/Frameworks",
				);
				PRODUCT_BUNDLE_IDENTIFIER = "nailzed.Business-card";
				PRODUCT_NAME = "$(TARGET_NAME)";
				SWIFT_VERSION = 5.0;
				TARGETED_DEVICE_FAMILY = "1,2";
			};
			name = Release;
		};
/* End XCBuildConfiguration section */

/* Begin XCConfigurationList section */
		D3475DFC25EFABC9002BACB2 /* Build configuration list for PBXProject "Business card" */ = {
			isa = XCConfigurationList;
			buildConfigurations = (
				D3475E1325EFABCB002BACB2 /* Debug */,
				D3475E1425EFABCB002BACB2 /* Release */,
			);
			defaultConfigurationIsVisible = 0;
			defaultConfigurationName = Release;
		};
		D3475E1525EFABCB002BACB2 /* Build configuration list for PBXNativeTarget "Business card" */ = {
			isa = XCConfigurationList;
			buildConfigurations = (
				D3475E1625EFABCB002BACB2 /* Debug */,
				D3475E1725EFABCB002BACB2 /* Release */,
			);
			defaultConfigurationIsVisible = 0;
			defaultConfigurationName = Release;
		};
/* End XCConfigurationList section */
	};
	rootObject = D3475DF925EFABC9002BACB2 /* Project object */;
}
